
Microsoft Visual Studio Solution File, Format Version 12.00
# Visual Studio Version 17
VisualStudioVersion = 17.7.34031.279
MinimumVisualStudioVersion = 10.0.40219.1
Project("{2150E333-8FDC-42A3-9474-1A3956D46DE8}") = "Library", "Library", "{3788A1F6-0D23-4EEA-B846-9F608CFA7D8E}"
EndProject
Project("{2150E333-8FDC-42A3-9474-1A3956D46DE8}") = "Presentation", "Presentation", "{57A0F00A-88D3-4EB4-BDB7-2F693F4060A0}"
EndProject
Project("{2150E333-8FDC-42A3-9474-1A3956D46DE8}") = "Testing", "Testing", "{C4F99152-5FA3-4835-B1F2-87AEC87756F5}"
EndProject
Project("{FAE04EC0-301F-11D3-BF4B-00C04F79EFBC}") = "UpvTubeLib", "ClassLibrary\UpvTubeLib.csproj", "{420B35BC-55E0-4D23-85C2-A97FA70270DA}"
EndProject
Project("{2150E333-8FDC-42A3-9474-1A3956D46DE8}") = "Lab1", "Lab1", "{CC1A6B8F-55C1-4714-9A2F-5B38E81F1960}"
EndProject
Project("{FAE04EC0-301F-11D3-BF4B-00C04F79EFBC}") = "HelloWorldApp", "HelloWorldApp\HelloWorldApp.csproj", "{0A2318F6-9347-4DAD-BD12-2E6618C3E149}"
EndProject
Project("{FAE04EC0-301F-11D3-BF4B-00C04F79EFBC}") = "UPVTubeObjectDesignTests", "UPVTubeObjectDesignTests\UPVTubeObjectDesignTests.csproj", "{48E97C2A-5638-42CF-B6F9-62EFF5DBBA34}"
	ProjectSection(ProjectDependencies) = postProject
		{420B35BC-55E0-4D23-85C2-A97FA70270DA} = {420B35BC-55E0-4D23-85C2-A97FA70270DA}
	EndProjectSection
EndProject
Project("{FAE04EC0-301F-11D3-BF4B-00C04F79EFBC}") = "UPVTubePersistenceTests", "UPVTubePersistenceTests\UPVTubePersistenceTests.csproj", "{2F43F354-5D3C-48BA-A632-00D79D6607EE}"
EndProject
Project("{2150E333-8FDC-42A3-9474-1A3956D46DE8}") = "DBTest", "DBTest", "{D2CE89F4-9514-4CEC-A352-093DA213C1F8}"
EndProject
Project("{9A19103F-16F7-4668-BE54-9A1E7A4F7556}") = "DBTest", "DBTest\DBTest.csproj", "{931EDB5D-E1A6-433E-B368-374371FA768A}"
EndProject
Project("{FAE04EC0-301F-11D3-BF4B-00C04F79EFBC}") = "UPVTubeGUI", "UPVTubeGUI\UPVTubeGUI.csproj", "{522650B7-4426-4D47-B8DB-16D650D3F195}"
EndProject
Global
	GlobalSection(SolutionConfigurationPlatforms) = preSolution
		Debug|Any CPU = Debug|Any CPU
		Release|Any CPU = Release|Any CPU
	EndGlobalSection
	GlobalSection(ProjectConfigurationPlatforms) = postSolution
		{420B35BC-55E0-4D23-85C2-A97FA70270DA}.Debug|Any CPU.ActiveCfg = Debug|Any CPU
		{420B35BC-55E0-4D23-85C2-A97FA70270DA}.Debug|Any CPU.Build.0 = Debug|Any CPU
		{420B35BC-55E0-4D23-85C2-A97FA70270DA}.Release|Any CPU.ActiveCfg = Release|Any CPU
		{420B35BC-55E0-4D23-85C2-A97FA70270DA}.Release|Any CPU.Build.0 = Release|Any CPU
		{0A2318F6-9347-4DAD-BD12-2E6618C3E149}.Debug|Any CPU.ActiveCfg = Debug|Any CPU
		{0A2318F6-9347-4DAD-BD12-2E6618C3E149}.Debug|Any CPU.Build.0 = Debug|Any CPU
		{0A2318F6-9347-4DAD-BD12-2E6618C3E149}.Release|Any CPU.ActiveCfg = Release|Any CPU
		{0A2318F6-9347-4DAD-BD12-2E6618C3E149}.Release|Any CPU.Build.0 = Release|Any CPU
		{48E97C2A-5638-42CF-B6F9-62EFF5DBBA34}.Debug|Any CPU.ActiveCfg = Debug|Any CPU
		{48E97C2A-5638-42CF-B6F9-62EFF5DBBA34}.Debug|Any CPU.Build.0 = Debug|Any CPU
		{48E97C2A-5638-42CF-B6F9-62EFF5DBBA34}.Release|Any CPU.ActiveCfg = Release|Any CPU
		{48E97C2A-5638-42CF-B6F9-62EFF5DBBA34}.Release|Any CPU.Build.0 = Release|Any CPU
		{2F43F354-5D3C-48BA-A632-00D79D6607EE}.Debug|Any CPU.ActiveCfg = Debug|Any CPU
		{2F43F354-5D3C-48BA-A632-00D79D6607EE}.Debug|Any CPU.Build.0 = Debug|Any CPU
		{2F43F354-5D3C-48BA-A632-00D79D6607EE}.Release|Any CPU.ActiveCfg = Release|Any CPU
		{2F43F354-5D3C-48BA-A632-00D79D6607EE}.Release|Any CPU.Build.0 = Release|Any CPU
		{931EDB5D-E1A6-433E-B368-374371FA768A}.Debug|Any CPU.ActiveCfg = Debug|Any CPU
		{931EDB5D-E1A6-433E-B368-374371FA768A}.Debug|Any CPU.Build.0 = Debug|Any CPU
		{931EDB5D-E1A6-433E-B368-374371FA768A}.Release|Any CPU.ActiveCfg = Release|Any CPU
		{931EDB5D-E1A6-433E-B368-374371FA768A}.Release|Any CPU.Build.0 = Release|Any CPU
		{522650B7-4426-4D47-B8DB-16D650D3F195}.Debug|Any CPU.ActiveCfg = Debug|Any CPU
		{522650B7-4426-4D47-B8DB-16D650D3F195}.Debug|Any CPU.Build.0 = Debug|Any CPU
		{522650B7-4426-4D47-B8DB-16D650D3F195}.Release|Any CPU.ActiveCfg = Release|Any CPU
		{522650B7-4426-4D47-B8DB-16D650D3F195}.Release|Any CPU.Build.0 = Release|Any CPU
	EndGlobalSection
	GlobalSection(SolutionProperties) = preSolution
		HideSolutionNode = FALSE
	EndGlobalSection
	GlobalSection(NestedProjects) = preSolution
		{CC1A6B8F-55C1-4714-9A2F-5B38E81F1960} = {C4F99152-5FA3-4835-B1F2-87AEC87756F5}
		{0A2318F6-9347-4DAD-BD12-2E6618C3E149} = {CC1A6B8F-55C1-4714-9A2F-5B38E81F1960}
		{48E97C2A-5638-42CF-B6F9-62EFF5DBBA34} = {C4F99152-5FA3-4835-B1F2-87AEC87756F5}
		{2F43F354-5D3C-48BA-A632-00D79D6607EE} = {C4F99152-5FA3-4835-B1F2-87AEC87756F5}
		{D2CE89F4-9514-4CEC-A352-093DA213C1F8} = {C4F99152-5FA3-4835-B1F2-87AEC87756F5}
		{931EDB5D-E1A6-433E-B368-374371FA768A} = {D2CE89F4-9514-4CEC-A352-093DA213C1F8}
		{522650B7-4426-4D47-B8DB-16D650D3F195} = {57A0F00A-88D3-4EB4-BDB7-2F693F4060A0}
	EndGlobalSection
	GlobalSection(ExtensibilityGlobals) = postSolution
		SolutionGuid = {2CB7BBB5-758D-49E9-B5B4-3E3452CA4C5A}
	EndGlobalSection
EndGlobal
